Microsoft Visual Studio Solution File, Format Version 12.00
# Visual Studio 14
VisualStudioVersion = 14.0.23107.0
MinimumVisualStudioVersion = 10.0.40219.1
Project("{D954291E-2A0B-460D-934E-DC6B0785DB48}") = "SecretImage.Shared", "SecretImage.Shared\SecretImage.Shared.shproj", "{EDBCEA54-8AD2-4934-A114-8A3A03BC6DF8}"
EndProject
Project("{FAE04EC0-301F-11D3-BF4B-00C04F79EFBC}") = "SecretImage.Windows", "SecretImage.Windows\SecretImage.Windows.csproj", "{2D1A5789-7149-4C66-8503-26970591A713}"
EndProject
Project("{FAE04EC0-301F-11D3-BF4B-00C04F79EFBC}") = "SecretImage.WindowsPhone", "SecretImage.WindowsPhone\SecretImage.WindowsPhone.csproj", "{27DD90AD-7BAB-4EBA-A622-626AABE9A76A}"
EndProject
Project("{2150E333-8FDC-42A3-9474-1A3956D46DE8}") = ".nuget", ".nuget", "{177254FD-B6DD-41AA-B962-6F6237BEDF7C}"
	ProjectSection(SolutionItems) = preProject
		.nuget\NuGet.config = .nuget\NuGet.config
		.nuget\NuGet.exe = .nuget\NuGet.exe
		.nuget\NuGet.targets = .nuget\NuGet.targets
	EndProjectSection
EndProject
Global
	GlobalSection(SharedMSBuildProjectFiles) = preSolution
		SecretImage.Shared\SecretImage.Shared.projitems*{edbcea54-8ad2-4934-a114-8a3a03bc6df8}*SharedItemsImports = 13
		SecretImage.Shared\SecretImage.Shared.projitems*{27dd90ad-7bab-4eba-a622-626aabe9a76a}*SharedItemsImports = 4
		SecretImage.Shared\SecretImage.Shared.projitems*{2d1a5789-7149-4c66-8503-26970591a713}*SharedItemsImports = 4
	EndGlobalSection
	GlobalSection(SolutionConfigurationPlatforms) = preSolution
		Debug|Any CPU = Debug|Any CPU
		Debug|ARM = Debug|ARM
		Debug|x64 = Debug|x64
		Debug|x86 = Debug|x86
		Release|Any CPU = Release|Any CPU
		Release|ARM = Release|ARM
		Release|x64 = Release|x64
		Release|x86 = Release|x86
	EndGlobalSection
	GlobalSection(ProjectConfigurationPlatforms) = postSolution
		{2D1A5789-7149-4C66-8503-26970591A713}.Debug|Any CPU.ActiveCfg = Debug|Any CPU
		{2D1A5789-7149-4C66-8503-26970591A713}.Debug|Any CPU.Build.0 = Debug|Any CPU
		{2D1A5789-7149-4C66-8503-26970591A713}.Debug|Any CPU.Deploy.0 = Debug|Any CPU
		{2D1A5789-7149-4C66-8503-26970591A713}.Debug|ARM.ActiveCfg = Debug|ARM
		{2D1A5789-7149-4C66-8503-26970591A713}.Debug|ARM.Build.0 = Debug|ARM
		{2D1A5789-7149-4C66-8503-26970591A713}.Debug|ARM.Deploy.0 = Debug|ARM
		{2D1A5789-7149-4C66-8503-26970591A713}.Debug|x64.ActiveCfg = Debug|x64
		{2D1A5789-7149-4C66-8503-26970591A713}.Debug|x64.Build.0 = Debug|x64
		{2D1A5789-7149-4C66-8503-26970591A713}.Debug|x64.Deploy.0 = Debug|x64
		{2D1A5789-7149-4C66-8503-26970591A713}.Debug|x86.ActiveCfg = Debug|x86
		{2D1A5789-7149-4C66-8503-26970591A713}.Debug|x86.Build.0 = Debug|x86
		{2D1A5789-7149-4C66-8503-26970591A713}.Debug|x86.Deploy.0 = Debug|x86
		{2D1A5789-7149-4C66-8503-26970591A713}.Release|Any CPU.ActiveCfg = Release|Any CPU
		{2D1A5789-7149-4C66-8503-26970591A713}.Release|Any CPU.Build.0 = Release|Any CPU
		{2D1A5789-7149-4C66-8503-26970591A713}.Release|Any CPU.Deploy.0 = Release|Any CPU
		{2D1A5789-7149-4C66-8503-26970591A713}.Release|ARM.ActiveCfg = Release|ARM
		{2D1A5789-7149-4C66-8503-26970591A713}.Release|ARM.Build.0 = Release|ARM
		{2D1A5789-7149-4C66-8503-26970591A713}.Release|ARM.Deploy.0 = Release|ARM
		{2D1A5789-7149-4C66-8503-26970591A713}.Release|x64.ActiveCfg = Release|x64
		{2D1A5789-7149-4C66-8503-26970591A713}.Release|x64.Build.0 = Release|x64
		{2D1A5789-7149-4C66-8503-26970591A713}.Release|x64.Deploy.0 = Release|x64
		{2D1A5789-7149-4C66-8503-26970591A713}.Release|x86.ActiveCfg = Release|x86
		{2D1A5789-7149-4C66-8503-26970591A713}.Release|x86.Build.0 = Release|x86
		{2D1A5789-7149-4C66-8503-26970591A713}.Release|x86.Deploy.0 = Release|x86
		{27DD90AD-7BAB-4EBA-A622-626AABE9A76A}.Debug|Any CPU.ActiveCfg = Debug|Any CPU
		{27DD90AD-7BAB-4EBA-A622-626AABE9A76A}.Debug|Any CPU.Build.0 = Debug|Any CPU
		{27DD90AD-7BAB-4EBA-A622-626AABE9A76A}.Debug|Any CPU.Deploy.0 = Debug|Any CPU
		{27DD90AD-7BAB-4EBA-A622-626AABE9A76A}.Debug|ARM.ActiveCfg = Debug|ARM
		{27DD90AD-7BAB-4EBA-A622-626AABE9A76A}.Debug|ARM.Build.0 = Debug|ARM
		{27DD90AD-7BAB-4EBA-A622-626AABE9A76A}.Debug|ARM.Deploy.0 = Debug|ARM
		{27DD90AD-7BAB-4EBA-A622-626AABE9A76A}.Debug|x64.ActiveCfg = Debug|Any CPU
		{27DD90AD-7BAB-4EBA-A622-626AABE9A76A}.Debug|x64.Build.0 = Debug|Any CPU
		{27DD90AD-7BAB-4EBA-A622-626AABE9A76A}.Debug|x64.Deploy.0 = Debug|Any CPU
		{27DD90AD-7BAB-4EBA-A622-626AABE9A76A}.Debug|x86.ActiveCfg = Debug|x86
		{27DD90AD-7BAB-4EBA-A622-626AABE9A76A}.Debug|x86.Build.0 = Debug|x86
		{27DD90AD-7BAB-4EBA-A622-626AABE9A76A}.Debug|x86.Deploy.0 = Debug|x86
		{27DD90AD-7BAB-4EBA-A622-626AABE9A76A}.Release|Any CPU.ActiveCfg = Release|Any CPU
		{27DD90AD-7BAB-4EBA-A622-626AABE9A76A}.Release|Any CPU.Build.0 = Release|Any CPU
		{27DD90AD-7BAB-4EBA-A622-626AABE9A76A}.Release|Any CPU.Deploy.0 = Release|Any CPU
		{27DD90AD-7BAB-4EBA-A622-626AABE9A76A}.Release|ARM.ActiveCfg = Release|ARM
		{27DD90AD-7BAB-4EBA-A622-626AABE9A76A}.Release|ARM.Build.0 = Release|ARM
		{27DD90AD-7BAB-4EBA-A622-626AABE9A76A}.Release|ARM.Deploy.0 = Release|ARM
		{27DD90AD-7BAB-4EBA-A622-626AABE9A76A}.Release|x64.ActiveCfg = Release|Any CPU
		{27DD90AD-7BAB-4EBA-A622-626AABE9A76A}.Release|x64.Build.0 = Release|Any CPU
		{27DD90AD-7BAB-4EBA-A622-626AABE9A76A}.Release|x64.Deploy.0 = Release|Any CPU
		{27DD90AD-7BAB-4EBA-A622-626AABE9A76A}.Release|x86.ActiveCfg = Release|x86
		{27DD90AD-7BAB-4EBA-A622-626AABE9A76A}.Release|x86.Build.0 = Release|x86
		{27DD90AD-7BAB-4EBA-A622-626AABE9A76A}.Release|x86.Deploy.0 = Release|x86
	EndGlobalSection
	GlobalSection(SolutionProperties) = preSolution
		HideSolutionNode = FALSE
	EndGlobalSection
EndGlobal
